PODS:
  - Alamofire (5.4.4)
  - MapboxGeocoder.swift (0.14.0)
  - NeedleFoundation (0.17.2)
  - XMLMapper (2.0.0):
    - XMLMapper/Core (= 2.0.0)
  - XMLMapper/Core (2.0.0)
  - XMLMapper/Requests (2.0.0):
    - Alamofire (~> 5.4)
    - XMLMapper/Core

DEPENDENCIES:
  - Alamofire (~> 5.4)
  - MapboxGeocoder.swift (~> 0.12)
  - NeedleFoundation
  - XMLMapper
  - XMLMapper/Requests

SPEC REPOS:
  trunk:
    - Alamofire
    - MapboxGeocoder.swift
    - NeedleFoundation
    - XMLMapper

SPEC CHECKSUMS:
  Alamofire: f3b09a368f1582ab751b3fff5460276e0d2cf5c9
  MapboxGeocoder.swift: a288e92ec13fbd65bbdfd7c54c61b0e80d19e734
  NeedleFoundation: 36cfaea9ae9eb527a796f5c1df19296c722666b8
  XMLMapper: 45ff16367092620b0b4adbc5e42dd8db6ebb5e0d

PODFILE CHECKSUM: 2d5c700e110755edb3870844cd89e540ef97289f

COCOAPODS: 1.11.2
